
Microsoft Visual Studio Solution File, Format Version 12.00
# Visual Studio Version 16
VisualStudioVersion = 16.0.34114.132
MinimumVisualStudioVersion = 10.0.40219.1
Project("{FAE04EC0-301F-11D3-BF4B-00C04F79EFBC}") = "34_Belikova_project", "34_Belikova_project\34_Belikova_project.csproj", "{B665DCD7-5B22-4403-A554-6EB6F27CF397}"
EndProject
Global
	GlobalSection(SolutionConfigurationPlatforms) = preSolution
		Debug|Any CPU = Debug|Any CPU
		Release|Any CPU = Release|Any CPU
	EndGlobalSection
	GlobalSection(ProjectConfigurationPlatforms) = postSolution
		{B665DCD7-5B22-4403-A554-6EB6F27CF397}.Debug|Any CPU.ActiveCfg = Debug|Any CPU
		{B665DCD7-5B22-4403-A554-6EB6F27CF397}.Debug|Any CPU.Build.0 = Debug|Any CPU
		{B665DCD7-5B22-4403-A554-6EB6F27CF397}.Release|Any CPU.ActiveCfg = Release|Any CPU
		{B665DCD7-5B22-4403-A554-6EB6F27CF397}.Release|Any CPU.Build.0 = Release|Any CPU
	EndGlobalSection
	GlobalSection(SolutionProperties) = preSolution
		HideSolutionNode = FALSE
	EndGlobalSection
	GlobalSection(ExtensibilityGlobals) = postSolution
		SolutionGuid = {2BF85FA6-1E7A-463B-A7AC-077E84036301}
	EndGlobalSection
EndGlobal
